
Microsoft Visual Studio Solution File, Format Version 12.00
# Visual Studio Version 16
VisualStudioVersion = 16.0.29521.150
MinimumVisualStudioVersion = 10.0.40219.1
Project("{FAE04EC0-301F-11D3-BF4B-00C04F79EFBC}") = "DiziElemanlariArasinaTireIsareti", "DiziElemanlariArasinaTireIsareti\DiziElemanlariArasinaTireIsareti.csproj", "{00C13B88-11C6-4B43-A489-50626EDC269E}"
EndProject
Project("{FAE04EC0-301F-11D3-BF4B-00C04F79EFBC}") = "CustomGenericSwapMethod", "CustomGenericSwapMethod\CustomGenericSwapMethod.csproj", "{9F3B2531-2765-486D-A5F9-252F504AA603}"
EndProject
Project("{FAE04EC0-301F-11D3-BF4B-00C04F79EFBC}") = "FormattingNumericalData", "FormattingNumericalData\FormattingNumericalData.csproj", "{1E63DC06-2701-4432-93AB-E14B3B7ABF2D}"
EndProject
Project("{FAE04EC0-301F-11D3-BF4B-00C04F79EFBC}") = "CharFunctionality", "CharFunctionality\CharFunctionality.csproj", "{4E7A690D-B8F6-4D8F-BE85-5FA648C28222}"
EndProject
Global
	GlobalSection(SolutionConfigurationPlatforms) = preSolution
		Debug|Any CPU = Debug|Any CPU
		Release|Any CPU = Release|Any CPU
	EndGlobalSection
	GlobalSection(ProjectConfigurationPlatforms) = postSolution
		{00C13B88-11C6-4B43-A489-50626EDC269E}.Debug|Any CPU.ActiveCfg = Debug|Any CPU
		{00C13B88-11C6-4B43-A489-50626EDC269E}.Debug|Any CPU.Build.0 = Debug|Any CPU
		{00C13B88-11C6-4B43-A489-50626EDC269E}.Release|Any CPU.ActiveCfg = Release|Any CPU
		{00C13B88-11C6-4B43-A489-50626EDC269E}.Release|Any CPU.Build.0 = Release|Any CPU
		{9F3B2531-2765-486D-A5F9-252F504AA603}.Debug|Any CPU.ActiveCfg = Debug|Any CPU
		{9F3B2531-2765-486D-A5F9-252F504AA603}.Debug|Any CPU.Build.0 = Debug|Any CPU
		{9F3B2531-2765-486D-A5F9-252F504AA603}.Release|Any CPU.ActiveCfg = Release|Any CPU
		{9F3B2531-2765-486D-A5F9-252F504AA603}.Release|Any CPU.Build.0 = Release|Any CPU
		{1E63DC06-2701-4432-93AB-E14B3B7ABF2D}.Debug|Any CPU.ActiveCfg = Debug|Any CPU
		{1E63DC06-2701-4432-93AB-E14B3B7ABF2D}.Debug|Any CPU.Build.0 = Debug|Any CPU
		{1E63DC06-2701-4432-93AB-E14B3B7ABF2D}.Release|Any CPU.ActiveCfg = Release|Any CPU
		{1E63DC06-2701-4432-93AB-E14B3B7ABF2D}.Release|Any CPU.Build.0 = Release|Any CPU
		{4E7A690D-B8F6-4D8F-BE85-5FA648C28222}.Debug|Any CPU.ActiveCfg = Debug|Any CPU
		{4E7A690D-B8F6-4D8F-BE85-5FA648C28222}.Debug|Any CPU.Build.0 = Debug|Any CPU
		{4E7A690D-B8F6-4D8F-BE85-5FA648C28222}.Release|Any CPU.ActiveCfg = Release|Any CPU
		{4E7A690D-B8F6-4D8F-BE85-5FA648C28222}.Release|Any CPU.Build.0 = Release|Any CPU
	EndGlobalSection
	GlobalSection(SolutionProperties) = preSolution
		HideSolutionNode = FALSE
	EndGlobalSection
	GlobalSection(ExtensibilityGlobals) = postSolution
		SolutionGuid = {FED0D043-61AB-4C61-806D-84EF9B1FC78A}
	EndGlobalSection
EndGlobal
